// !$*UTF8*$!
{
	archiveVersion = 1;
	classes = {
	};
	objectVersion = 55;
	objects = {

/* Begin PBXBuildFile section */
		64C4795A19500216B8235BFE /* Pods_WBTest.framework in Frameworks */ = {isa = PBXBuildFile; fileRef = A96C8E48B4A45A79F752D230 /* Pods_WBTest.framework */; };
		A50C8C6D28460C9D00811936 /* AppDelegate.swift in Sources */ = {isa = PBXBuildFile; fileRef = A50C8C6C28460C9D00811936 /* AppDelegate.swift */; };
		A50C8C6F28460C9D00811936 /* SceneDelegate.swift in Sources */ = {isa = PBXBuildFile; fileRef = A50C8C6E28460C9D00811936 /* SceneDelegate.swift */; };
		A50C8C7128460C9D00811936 /* OffersViewController.swift in Sources */ = {isa = PBXBuildFile; fileRef = A50C8C7028460C9D00811936 /* OffersViewController.swift */; };
		A50C8C7628460CA000811936 /* Assets.xcassets in Resources */ = {isa = PBXBuildFile; fileRef = A50C8C7528460CA000811936 /* Assets.xcassets */; };
		A50C8C7928460CA000811936 /* LaunchScreen.storyboard in Resources */ = {isa = PBXBuildFile; fileRef = A50C8C7728460CA000811936 /* LaunchScreen.storyboard */; };
		A50C8C812846421200811936 /* SupportFile.swift in Sources */ = {isa = PBXBuildFile; fileRef = A50C8C802846421200811936 /* SupportFile.swift */; };
		A50C8C832846435A00811936 /* FlightCellTableViewCell.swift in Sources */ = {isa = PBXBuildFile; fileRef = A50C8C822846435A00811936 /* FlightCellTableViewCell.swift */; };
		A50C8C8728464A0E00811936 /* Montserrat-Medium.ttf in Resources */ = {isa = PBXBuildFile; fileRef = A50C8C8528464A0E00811936 /* Montserrat-Medium.ttf */; };
		A50C8C8A28464ADD00811936 /* Montserrat-SemiBold.ttf in Resources */ = {isa = PBXBuildFile; fileRef = A50C8C8928464ADD00811936 /* Montserrat-SemiBold.ttf */; };
		A56F815E2847A22A00BF7953 /* FlightModel.swift in Sources */ = {isa = PBXBuildFile; fileRef = A56F815D2847A22A00BF7953 /* FlightModel.swift */; };
		A56F81612847A33F00BF7953 /* FlightData.swift in Sources */ = {isa = PBXBuildFile; fileRef = A56F81602847A33F00BF7953 /* FlightData.swift */; };
		A56F81632847A42E00BF7953 /* NetworkManager.swift in Sources */ = {isa = PBXBuildFile; fileRef = A56F81622847A42E00BF7953 /* NetworkManager.swift */; };
		A56F81652847A82300BF7953 /* Help.swift in Sources */ = {isa = PBXBuildFile; fileRef = A56F81642847A82300BF7953 /* Help.swift */; };
		A56F81672847B51200BF7953 /* Protocols.swift in Sources */ = {isa = PBXBuildFile; fileRef = A56F81662847B51200BF7953 /* Protocols.swift */; };
		A56F81692847C86E00BF7953 /* Montserrat-Bold.ttf in Resources */ = {isa = PBXBuildFile; fileRef = A56F81682847C86E00BF7953 /* Montserrat-Bold.ttf */; };
		A56F816B2847CF2200BF7953 /* FlightViewController.swift in Sources */ = {isa = PBXBuildFile; fileRef = A56F816A2847CF2200BF7953 /* FlightViewController.swift */; };
		A5D6FF5E2847D52200B4A173 /* DetailsView.swift in Sources */ = {isa = PBXBuildFile; fileRef = A5D6FF5D2847D52200B4A173 /* DetailsView.swift */; };
/* End PBXBuildFile section */

/* Begin PBXFileReference section */
		06A0540FA62A513B18FAA7BE /* Pods-WBTest.release.xcconfig */ = {isa = PBXFileReference; includeInIndex = 1; lastKnownFileType = text.xcconfig; name = "Pods-WBTest.release.xcconfig"; path = "Target Support Files/Pods-WBTest/Pods-WBTest.release.xcconfig"; sourceTree = "<group>"; };
		A50C8C6928460C9D00811936 /* WBTest.app */ = {isa = PBXFileReference; explicitFileType = wrapper.application; includeInIndex = 0; path = WBTest.app; sourceTree = BUILT_PRODUCTS_DIR; };
		A50C8C6C28460C9D00811936 /* AppDelegate.swift */ = {isa = PBXFileReference; lastKnownFileType = sourcecode.swift; path = AppDelegate.swift; sourceTree = "<group>"; };
		A50C8C6E28460C9D00811936 /* SceneDelegate.swift */ = {isa = PBXFileReference; lastKnownFileType = sourcecode.swift; path = SceneDelegate.swift; sourceTree = "<group>"; };
		A50C8C7028460C9D00811936 /* OffersViewController.swift */ = {isa = PBXFileReference; lastKnownFileType = sourcecode.swift; path = OffersViewController.swift; sourceTree = "<group>"; };
		A50C8C7528460CA000811936 /* Assets.xcassets */ = {isa = PBXFileReference; lastKnownFileType = folder.assetcatalog; path = Assets.xcassets; sourceTree = "<group>"; };
		A50C8C7828460CA000811936 /* Base */ = {isa = PBXFileReference; lastKnownFileType = file.storyboard; name = Base; path = Base.lproj/LaunchScreen.storyboard; sourceTree = "<group>"; };
		A50C8C7A28460CA000811936 /* Info.plist */ = {isa = PBXFileReference; lastKnownFileType = text.plist.xml; path = Info.plist; sourceTree = "<group>"; };
		A50C8C802846421200811936 /* SupportFile.swift */ = {isa = PBXFileReference; lastKnownFileType = sourcecode.swift; path = SupportFile.swift; sourceTree = "<group>"; };
		A50C8C822846435A00811936 /* FlightCellTableViewCell.swift */ = {isa = PBXFileReference; lastKnownFileType = sourcecode.swift; path = FlightCellTableViewCell.swift; sourceTree = "<group>"; };
		A50C8C8528464A0E00811936 /* Montserrat-Medium.ttf */ = {isa = PBXFileReference; lastKnownFileType = file; path = "Montserrat-Medium.ttf"; sourceTree = "<group>"; };
		A50C8C8928464ADD00811936 /* Montserrat-SemiBold.ttf */ = {isa = PBXFileReference; lastKnownFileType = file; path = "Montserrat-SemiBold.ttf"; sourceTree = "<group>"; };
		A56F815D2847A22A00BF7953 /* FlightModel.swift */ = {isa = PBXFileReference; lastKnownFileType = sourcecode.swift; path = FlightModel.swift; sourceTree = "<group>"; };
		A56F81602847A33F00BF7953 /* FlightData.swift */ = {isa = PBXFileReference; lastKnownFileType = sourcecode.swift; path = FlightData.swift; sourceTree = "<group>"; };
		A56F81622847A42E00BF7953 /* NetworkManager.swift */ = {isa = PBXFileReference; lastKnownFileType = sourcecode.swift; path = NetworkManager.swift; sourceTree = "<group>"; };
		A56F81642847A82300BF7953 /* Help.swift */ = {isa = PBXFileReference; lastKnownFileType = sourcecode.swift; path = Help.swift; sourceTree = "<group>"; };
		A56F81662847B51200BF7953 /* Protocols.swift */ = {isa = PBXFileReference; lastKnownFileType = sourcecode.swift; path = Protocols.swift; sourceTree = "<group>"; };
		A56F81682847C86E00BF7953 /* Montserrat-Bold.ttf */ = {isa = PBXFileReference; lastKnownFileType = file; path = "Montserrat-Bold.ttf"; sourceTree = "<group>"; };
		A56F816A2847CF2200BF7953 /* FlightViewController.swift */ = {isa = PBXFileReference; lastKnownFileType = sourcecode.swift; path = FlightViewController.swift; sourceTree = "<group>"; };
		A5D6FF5D2847D52200B4A173 /* DetailsView.swift */ = {isa = PBXFileReference; lastKnownFileType = sourcecode.swift; path = DetailsView.swift; sourceTree = "<group>"; };
		A96C8E48B4A45A79F752D230 /* Pods_WBTest.framework */ = {isa = PBXFileReference; explicitFileType = wrapper.framework; includeInIndex = 0; path = Pods_WBTest.framework; sourceTree = BUILT_PRODUCTS_DIR; };
		AC2578840D7569A96BAF9213 /* Pods-WBTest.debug.xcconfig */ = {isa = PBXFileReference; includeInIndex = 1; lastKnownFileType = text.xcconfig; name = "Pods-WBTest.debug.xcconfig"; path = "Target Support Files/Pods-WBTest/Pods-WBTest.debug.xcconfig"; sourceTree = "<group>"; };
/* End PBXFileReference section */

/* Begin PBXFrameworksBuildPhase section */
		A50C8C6628460C9C00811936 /* Frameworks */ = {
			isa = PBXFrameworksBuildPhase;
			buildActionMask = 2147483647;
			files = (
				64C4795A19500216B8235BFE /* Pods_WBTest.framework in Frameworks */,
			);
			runOnlyForDeploymentPostprocessing = 0;
		};
/* End PBXFrameworksBuildPhase section */

/* Begin PBXGroup section */
		A450CFBEEACB76FC9429FA2F /* Pods */ = {
			isa = PBXGroup;
			children = (
				AC2578840D7569A96BAF9213 /* Pods-WBTest.debug.xcconfig */,
				06A0540FA62A513B18FAA7BE /* Pods-WBTest.release.xcconfig */,
			);
			path = Pods;
			sourceTree = "<group>";
		};
		A50C8C6028460C9C00811936 = {
			isa = PBXGroup;
			children = (
				A50C8C6B28460C9D00811936 /* WBTest */,
				A50C8C6A28460C9D00811936 /* Products */,
				A450CFBEEACB76FC9429FA2F /* Pods */,
				E1D69C0D950BB2573FA6BBC2 /* Frameworks */,
			);
			sourceTree = "<group>";
		};
		A50C8C6A28460C9D00811936 /* Products */ = {
			isa = PBXGroup;
			children = (
				A50C8C6928460C9D00811936 /* WBTest.app */,
			);
			name = Products;
			sourceTree = "<group>";
		};
		A50C8C6B28460C9D00811936 /* WBTest */ = {
			isa = PBXGroup;
			children = (
				A50C8C6C28460C9D00811936 /* AppDelegate.swift */,
				A50C8C6E28460C9D00811936 /* SceneDelegate.swift */,
				A56F81662847B51200BF7953 /* Protocols.swift */,
				A5D6FF5F2847D52D00B4A173 /* Controllers */,
				A5D6FF602847D53D00B4A173 /* Views */,
				A56F815F2847A32900BF7953 /* Models */,
				A50C8C8828464A3D00811936 /* Fonts */,
				A50C8C7528460CA000811936 /* Assets.xcassets */,
				A50C8C7728460CA000811936 /* LaunchScreen.storyboard */,
				A50C8C7A28460CA000811936 /* Info.plist */,
				A50C8C802846421200811936 /* SupportFile.swift */,
				A56F81642847A82300BF7953 /* Help.swift */,
			);
			path = WBTest;
			sourceTree = "<group>";
		};
		A50C8C8828464A3D00811936 /* Fonts */ = {
			isa = PBXGroup;
			children = (
				A56F81682847C86E00BF7953 /* Montserrat-Bold.ttf */,
				A50C8C8528464A0E00811936 /* Montserrat-Medium.ttf */,
				A50C8C8928464ADD00811936 /* Montserrat-SemiBold.ttf */,
			);
			path = Fonts;
			sourceTree = "<group>";
		};
		A56F815F2847A32900BF7953 /* Models */ = {
			isa = PBXGroup;
			children = (
				A56F815D2847A22A00BF7953 /* FlightModel.swift */,
				A56F81602847A33F00BF7953 /* FlightData.swift */,
				A56F81622847A42E00BF7953 /* NetworkManager.swift */,
			);
			path = Models;
			sourceTree = "<group>";
		};
		A5D6FF5F2847D52D00B4A173 /* Controllers */ = {
			isa = PBXGroup;
			children = (
				A56F816A2847CF2200BF7953 /* FlightViewController.swift */,
				A50C8C7028460C9D00811936 /* OffersViewController.swift */,
			);
			path = Controllers;
			sourceTree = "<group>";
		};
		A5D6FF602847D53D00B4A173 /* Views */ = {
			isa = PBXGroup;
			children = (
				A5D6FF5D2847D52200B4A173 /* DetailsView.swift */,
				A50C8C822846435A00811936 /* FlightCellTableViewCell.swift */,
			);
			path = Views;
			sourceTree = "<group>";
		};
		E1D69C0D950BB2573FA6BBC2 /* Frameworks */ = {
			isa = PBXGroup;
			children = (
				A96C8E48B4A45A79F752D230 /* Pods_WBTest.framework */,
			);
			name = Frameworks;
			sourceTree = "<group>";
		};
/* End PBXGroup section */

/* Begin PBXNativeTarget section */
		A50C8C6828460C9C00811936 /* WBTest */ = {
			isa = PBXNativeTarget;
			buildConfigurationList = A50C8C7D28460CA000811936 /* Build configuration list for PBXNativeTarget "WBTest" */;
			buildPhases = (
				9FCAEEEBD9078D389C411657 /* [CP] Check Pods Manifest.lock */,
				A50C8C6528460C9C00811936 /* Sources */,
				A50C8C6628460C9C00811936 /* Frameworks */,
				A50C8C6728460C9C00811936 /* Resources */,
				A57CA369DECCA9BC91CDE97E /* [CP] Embed Pods Frameworks */,
			);
			buildRules = (
			);
			dependencies = (
			);
			name = WBTest;
			productName = WBTest;
			productReference = A50C8C6928460C9D00811936 /* WBTest.app */;
			productType = "com.apple.product-type.application";
		};
/* End PBXNativeTarget section */

/* Begin PBXProject section */
		A50C8C6128460C9C00811936 /* Project object */ = {
			isa = PBXProject;
			attributes = {
				BuildIndependentTargetsInParallel = 1;
				LastSwiftUpdateCheck = 1310;
				LastUpgradeCheck = 1310;
				TargetAttributes = {
					A50C8C6828460C9C00811936 = {
						CreatedOnToolsVersion = 13.1;
					};
				};
			};
			buildConfigurationList = A50C8C6428460C9C00811936 /* Build configuration list for PBXProject "WBTest" */;
			compatibilityVersion = "Xcode 13.0";
			developmentRegion = en;
			hasScannedForEncodings = 0;
			knownRegions = (
				en,
				Base,
			);
			mainGroup = A50C8C6028460C9C00811936;
			productRefGroup = A50C8C6A28460C9D00811936 /* Products */;
			projectDirPath = "";
			projectRoot = "";
			targets = (
				A50C8C6828460C9C00811936 /* WBTest */,
			);
		};
/* End PBXProject section */

/* Begin PBXResourcesBuildPhase section */
		A50C8C6728460C9C00811936 /* Resources */ = {
			isa = PBXResourcesBuildPhase;
			buildActionMask = 2147483647;
			files = (
				A56F81692847C86E00BF7953 /* Montserrat-Bold.ttf in Resources */,
				A50C8C7928460CA000811936 /* LaunchScreen.storyboard in Resources */,
				A50C8C8728464A0E00811936 /* Montserrat-Medium.ttf in Resources */,
				A50C8C8A28464ADD00811936 /* Montserrat-SemiBold.ttf in Resources */,
				A50C8C7628460CA000811936 /* Assets.xcassets in Resources */,
			);
			runOnlyForDeploymentPostprocessing = 0;
		};
/* End PBXResourcesBuildPhase section */

/* Begin PBXShellScriptBuildPhase section */
		9FCAEEEBD9078D389C411657 /* [CP] Check Pods Manifest.lock */ = {
			isa = PBXShellScriptBuildPhase;
			buildActionMask = 2147483647;
			files = (
			);
			inputFileListPaths = (
			);
			inputPaths = (
				"${PODS_PODFILE_DIR_PATH}/Podfile.lock",
				"${PODS_ROOT}/Manifest.lock",
			);
			name = "[CP] Check Pods Manifest.lock";
			outputFileListPaths = (
			);
			outputPaths = (
				"$(DERIVED_FILE_DIR)/Pods-WBTest-checkManifestLockResult.txt",
			);
			runOnlyForDeploymentPostprocessing = 0;
			shellPath = /bin/sh;
			shellScript = "diff \"${PODS_PODFILE_DIR_PATH}/Podfile.lock\" \"${PODS_ROOT}/Manifest.lock\" > /dev/null\nif [ $? != 0 ] ; then\n    # print error to STDERR\n    echo \"error: The sandbox is not in sync with the Podfile.lock. Run 'pod install' or update your CocoaPods installation.\" >&2\n    exit 1\nfi\n# This output is used by Xcode 'outputs' to avoid re-running this script phase.\necho \"SUCCESS\" > \"${SCRIPT_OUTPUT_FILE_0}\"\n";
			showEnvVarsInLog = 0;
		};
		A57CA369DECCA9BC91CDE97E /* [CP] Embed Pods Frameworks */ = {
			isa = PBXShellScriptBuildPhase;
			buildActionMask = 2147483647;
			files = (
			);
			inputFileListPaths = (
				"${PODS_ROOT}/Target Support Files/Pods-WBTest/Pods-WBTest-frameworks-${CONFIGURATION}-input-files.xcfilelist",
			);
			name = "[CP] Embed Pods Frameworks";
			outputFileListPaths = (
				"${PODS_ROOT}/Target Support Files/Pods-WBTest/Pods-WBTest-frameworks-${CONFIGURATION}-output-files.xcfilelist",
			);
			runOnlyForDeploymentPostprocessing = 0;
			shellPath = /bin/sh;
			shellScript = "\"${PODS_ROOT}/Target Support Files/Pods-WBTest/Pods-WBTest-frameworks.sh\"\n";
			showEnvVarsInLog = 0;
		};
/* End PBXShellScriptBuildPhase section */

/* Begin PBXSourcesBuildPhase section */
		A50C8C6528460C9C00811936 /* Sources */ = {
			isa = PBXSourcesBuildPhase;
			buildActionMask = 2147483647;
			files = (
				A50C8C7128460C9D00811936 /* OffersViewController.swift in Sources */,
				A56F81612847A33F00BF7953 /* FlightData.swift in Sources */,
				A56F816B2847CF2200BF7953 /* FlightViewController.swift in Sources */,
				A56F81652847A82300BF7953 /* Help.swift in Sources */,
				A50C8C812846421200811936 /* SupportFile.swift in Sources */,
				A5D6FF5E2847D52200B4A173 /* DetailsView.swift in Sources */,
				A50C8C6D28460C9D00811936 /* AppDelegate.swift in Sources */,
				A56F81672847B51200BF7953 /* Protocols.swift in Sources */,
				A56F81632847A42E00BF7953 /* NetworkManager.swift in Sources */,
				A56F815E2847A22A00BF7953 /* FlightModel.swift in Sources */,
				A50C8C6F28460C9D00811936 /* SceneDelegate.swift in Sources */,
				A50C8C832846435A00811936 /* FlightCellTableViewCell.swift in Sources */,
			);
			runOnlyForDeploymentPostprocessing = 0;
		};
/* End PBXSourcesBuildPhase section */

/* Begin PBXVariantGroup section */
		A50C8C7728460CA000811936 /* LaunchScreen.storyboard */ = {
			isa = PBXVariantGroup;
			children = (
				A50C8C7828460CA000811936 /* Base */,
			);
			name = LaunchScreen.storyboard;
			sourceTree = "<group>";
		};
/* End PBXVariantGroup section */

/* Begin XCBuildConfiguration section */
		A50C8C7B28460CA000811936 /* Debug */ = {
			isa = XCBuildConfiguration;
			buildSettings = {
				ALWAYS_SEARCH_USER_PATHS = NO;
				CLANG_ANALYZER_NONNULL = YES;
				CLANG_ANALYZER_NUMBER_OBJECT_CONVERSION = YES_AGGRESSIVE;
				CLANG_CXX_LANGUAGE_STANDARD = "gnu++17";
				CLANG_CXX_LIBRARY = "libc++";
				CLANG_ENABLE_MODULES = YES;
				CLANG_ENABLE_OBJC_ARC = YES;
				CLANG_ENABLE_OBJC_WEAK = YES;
				CLANG_WARN_BLOCK_CAPTURE_AUTORELEASING = YES;
				CLANG_WARN_BOOL_CONVERSION = YES;
				CLANG_WARN_COMMA = YES;
				CLANG_WARN_CONSTANT_CONVERSION = YES;
				CLANG_WARN_DEPRECATED_OBJC_IMPLEMENTATIONS = YES;
				CLANG_WARN_DIRECT_OBJC_ISA_USAGE = YES_ERROR;
				CLANG_WARN_DOCUMENTATION_COMMENTS = YES;
				CLANG_WARN_EMPTY_BODY = YES;
				CLANG_WARN_ENUM_CONVERSION = YES;
				CLANG_WARN_INFINITE_RECURSION = YES;
				CLANG_WARN_INT_CONVERSION = YES;
				CLANG_WARN_NON_LITERAL_NULL_CONVERSION = YES;
				CLANG_WARN_OBJC_IMPLICIT_RETAIN_SELF = YES;
				CLANG_WARN_OBJC_LITERAL_CONVERSION = YES;
				CLANG_WARN_OBJC_ROOT_CLASS = YES_ERROR;
				CLANG_WARN_QUOTED_INCLUDE_IN_FRAMEWORK_HEADER = YES;
				CLANG_WARN_RANGE_LOOP_ANALYSIS = YES;
				CLANG_WARN_STRICT_PROTOTYPES = YES;
				CLANG_WARN_SUSPICIOUS_MOVE = YES;
				CLANG_WARN_UNGUARDED_AVAILABILITY = YES_AGGRESSIVE;
				CLANG_WARN_UNREACHABLE_CODE = YES;
				CLANG_WARN__DUPLICATE_METHOD_MATCH = YES;
				COPY_PHASE_STRIP = NO;
				DEBUG_INFORMATION_FORMAT = dwarf;
				ENABLE_STRICT_OBJC_MSGSEND = YES;
				ENABLE_TESTABILITY = YES;
				GCC_C_LANGUAGE_STANDARD = gnu11;
				GCC_DYNAMIC_NO_PIC = NO;
				GCC_NO_COMMON_BLOCKS = YES;
				GCC_OPTIMIZATION_LEVEL = 0;
				GCC_PREPROCESSOR_DEFINITIONS = (
					"DEBUG=1",
					"$(inherited)",
				);
				GCC_WARN_64_TO_32_BIT_CONVERSION = YES;
				GCC_WARN_ABOUT_RETURN_TYPE = YES_ERROR;
				GCC_WARN_UNDECLARED_SELECTOR = YES;
				GCC_WARN_UNINITIALIZED_AUTOS = YES_AGGRESSIVE;
				GCC_WARN_UNUSED_FUNCTION = YES;
				GCC_WARN_UNUSED_VARIABLE = YES;
				IPHONEOS_DEPLOYMENT_TARGET = 15.0;
				MTL_ENABLE_DEBUG_INFO = INCLUDE_SOURCE;
				MTL_FAST_MATH = YES;
				ONLY_ACTIVE_ARCH = YES;
				SDKROOT = iphoneos;
				SWIFT_ACTIVE_COMPILATION_CONDITIONS = DEBUG;
				SWIFT_OPTIMIZATION_LEVEL = "-Onone";
			};
			name = Debug;
		};
		A50C8C7C28460CA000811936 /* Release */ = {
			isa = XCBuildConfiguration;
			buildSettings = {
				ALWAYS_SEARCH_USER_PATHS = NO;
				CLANG_ANALYZER_NONNULL = YES;
				CLANG_ANALYZER_NUMBER_OBJECT_CONVERSION = YES_AGGRESSIVE;
				CLANG_CXX_LANGUAGE_STANDARD = "gnu++17";
				CLANG_CXX_LIBRARY = "libc++";
				CLANG_ENABLE_MODULES = YES;
				CLANG_ENABLE_OBJC_ARC = YES;
				CLANG_ENABLE_OBJC_WEAK = YES;
				CLANG_WARN_BLOCK_CAPTURE_AUTORELEASING = YES;
				CLANG_WARN_BOOL_CONVERSION = YES;
				CLANG_WARN_COMMA = YES;
				CLANG_WARN_CONSTANT_CONVERSION = YES;
				CLANG_WARN_DEPRECATED_OBJC_IMPLEMENTATIONS = YES;
				CLANG_WARN_DIRECT_OBJC_ISA_USAGE = YES_ERROR;
				CLANG_WARN_DOCUMENTATION_COMMENTS = YES;
				CLANG_WARN_EMPTY_BODY = YES;
				CLANG_WARN_ENUM_CONVERSION = YES;
				CLANG_WARN_INFINITE_RECURSION = YES;
				CLANG_WARN_INT_CONVERSION = YES;
				CLANG_WARN_NON_LITERAL_NULL_CONVERSION = YES;
				CLANG_WARN_OBJC_IMPLICIT_RETAIN_SELF = YES;
				CLANG_WARN_OBJC_LITERAL_CONVERSION = YES;
				CLANG_WARN_OBJC_ROOT_CLASS = YES_ERROR;
				CLANG_WARN_QUOTED_INCLUDE_IN_FRAMEWORK_HEADER = YES;
				CLANG_WARN_RANGE_LOOP_ANALYSIS = YES;
				CLANG_WARN_STRICT_PROTOTYPES = YES;
				CLANG_WARN_SUSPICIOUS_MOVE = YES;
				CLANG_WARN_UNGUARDED_AVAILABILITY = YES_AGGRESSIVE;
				CLANG_WARN_UNREACHABLE_CODE = YES;
				CLANG_WARN__DUPLICATE_METHOD_MATCH = YES;
				COPY_PHASE_STRIP = NO;
				DEBUG_INFORMATION_FORMAT = "dwarf-with-dsym";
				ENABLE_NS_ASSERTIONS = NO;
				ENABLE_STRICT_OBJC_MSGSEND = YES;
				GCC_C_LANGUAGE_STANDARD = gnu11;
				GCC_NO_COMMON_BLOCKS = YES;
				GCC_WARN_64_TO_32_BIT_CONVERSION = YES;
				GCC_WARN_ABOUT_RETURN_TYPE = YES_ERROR;
				GCC_WARN_UNDECLARED_SELECTOR = YES;
				GCC_WARN_UNINITIALIZED_AUTOS = YES_AGGRESSIVE;
				GCC_WARN_UNUSED_FUNCTION = YES;
				GCC_WARN_UNUSED_VARIABLE = YES;
				IPHONEOS_DEPLOYMENT_TARGET = 15.0;
				MTL_ENABLE_DEBUG_INFO = NO;
				MTL_FAST_MATH = YES;
				SDKROOT = iphoneos;
				SWIFT_COMPILATION_MODE = wholemodule;
				SWIFT_OPTIMIZATION_LEVEL = "-O";
				VALIDATE_PRODUCT = YES;
			};
			name = Release;
		};
		A50C8C7E28460CA000811936 /* Debug */ = {
			isa = XCBuildConfiguration;
			baseConfigurationReference = AC2578840D7569A96BAF9213 /* Pods-WBTest.debug.xcconfig */;
			buildSettings = {
				ASSETCATALOG_COMPILER_APPICON_NAME = AppIcon;
				ASSETCATALOG_COMPILER_GLOBAL_ACCENT_COLOR_NAME = AccentColor;
				CODE_SIGN_STYLE = Automatic;
				CURRENT_PROJECT_VERSION = 1;
				DEVELOPMENT_TEAM = LT772WDFTX;
				GENERATE_INFOPLIST_FILE = YES;
				INFOPLIST_FILE = WBTest/Info.plist;
				INFOPLIST_KEY_UIApplicationSupportsIndirectInputEvents = YES;
				INFOPLIST_KEY_UILaunchStoryboardName = LaunchScreen;
				INFOPLIST_KEY_UISupportedInterfaceOrientations = UIInterfaceOrientationPortrait;
				INFOPLIST_KEY_UISupportedInterfaceOrientations_iPad = "UIInterfaceOrientationPortrait UIInterfaceOrientationPortraitUpsideDown UIInterfaceOrientationLandscapeLeft UIInterfaceOrientationLandscapeRight";
				INFOPLIST_KEY_UISupportedInterfaceOrientations_iPhone = "UIInterfaceOrientationPortrait UIInterfaceOrientationLandscapeLeft UIInterfaceOrientationLandscapeRight";
				IPHONEOS_DEPLOYMENT_TARGET = 13.0;
				LD_RUNPATH_SEARCH_PATHS = (
					"$(inherited)",
					"@executable_path/Frameworks",
				);
				MARKETING_VERSION = 1.0;
				PRODUCT_BUNDLE_IDENTIFIER = com.sergeybindasov.WBTest;
				PRODUCT_NAME = "$(TARGET_NAME)";
				SWIFT_EMIT_LOC_STRINGS = YES;
				SWIFT_VERSION = 5.0;
				TARGETED_DEVICE_FAMILY = 1;
			};
			name = Debug;
		};
		A50C8C7F28460CA000811936 /* Release */ = {
			isa = XCBuildConfiguration;
			baseConfigurationReference = 06A0540FA62A513B18FAA7BE /* Pods-WBTest.release.xcconfig */;
			buildSettings = {
				ASSETCATALOG_COMPILER_APPICON_NAME = AppIcon;
				ASSETCATALOG_COMPILER_GLOBAL_ACCENT_COLOR_NAME = AccentColor;
				CODE_SIGN_STYLE = Automatic;
				CURRENT_PROJECT_VERSION = 1;
				DEVELOPMENT_TEAM = LT772WDFTX;
				GENERATE_INFOPLIST_FILE = YES;
				INFOPLIST_FILE = WBTest/Info.plist;
				INFOPLIST_KEY_UIApplicationSupportsIndirectInputEvents = YES;
				INFOPLIST_KEY_UILaunchStoryboardName = LaunchScreen;
				INFOPLIST_KEY_UISupportedInterfaceOrientations = UIInterfaceOrientationPortrait;
				INFOPLIST_KEY_UISupportedInterfaceOrientations_iPad = "UIInterfaceOrientationPortrait UIInterfaceOrientationPortraitUpsideDown UIInterfaceOrientationLandscapeLeft UIInterfaceOrientationLandscapeRight";
				INFOPLIST_KEY_UISupportedInterfaceOrientations_iPhone = "UIInterfaceOrientationPortrait UIInterfaceOrientationLandscapeLeft UIInterfaceOrientationLandscapeRight";
				IPHONEOS_DEPLOYMENT_TARGET = 13.0;
				LD_RUNPATH_SEARCH_PATHS = (
					"$(inherited)",
					"@executable_path/Frameworks",
				);
				MARKETING_VERSION = 1.0;
				PRODUCT_BUNDLE_IDENTIFIER = com.sergeybindasov.WBTest;
				PRODUCT_NAME = "$(TARGET_NAME)";
				SWIFT_EMIT_LOC_STRINGS = YES;
				SWIFT_VERSION = 5.0;
				TARGETED_DEVICE_FAMILY = 1;
			};
			name = Release;
		};
/* End XCBuildConfiguration section */

/* Begin XCConfigurationList section */
		A50C8C6428460C9C00811936 /* Build configuration list for PBXProject "WBTest" */ = {
			isa = XCConfigurationList;
			buildConfigurations = (
				A50C8C7B28460CA000811936 /* Debug */,
				A50C8C7C28460CA000811936 /* Release */,
			);
			defaultConfigurationIsVisible = 0;
			defaultConfigurationName = Release;
		};
		A50C8C7D28460CA000811936 /* Build configuration list for PBXNativeTarget "WBTest" */ = {
			isa = XCConfigurationList;
			buildConfigurations = (
				A50C8C7E28460CA000811936 /* Debug */,
				A50C8C7F28460CA000811936 /* Release */,
			);
			defaultConfigurationIsVisible = 0;
			defaultConfigurationName = Release;
		};
/* End XCConfigurationList section */
	};
	rootObject = A50C8C6128460C9C00811936 /* Project object */;
}
